
Microsoft Visual Studio Solution File, Format Version 12.00
# Visual Studio Version 17
VisualStudioVersion = 17.6.33801.468
MinimumVisualStudioVersion = 10.0.40219.1
Project("{9A19103F-16F7-4668-BE54-9A1E7A4F7556}") = "Refract", "Refract\Refract.csproj", "{ADDB705B-D86D-47CE-BC8A-7563FCC4B5CF}"
EndProject
Project("{2150E333-8FDC-42A3-9474-1A3956D46DE8}") = "Solution Items", "Solution Items", "{A4EC3BE7-FC4E-46C8-B93C-F7AAFA0AC1E8}"
	ProjectSection(SolutionItems) = preProject
		..\.github\workflows\build.yml = ..\.github\workflows\build.yml
	EndProjectSection
EndProject
Global
	GlobalSection(SolutionConfigurationPlatforms) = preSolution
		Debug|Any CPU = Debug|Any CPU
		Release|Any CPU = Release|Any CPU
	EndGlobalSection
	GlobalSection(ProjectConfigurationPlatforms) = postSolution
		{ADDB705B-D86D-47CE-BC8A-7563FCC4B5CF}.Debug|Any CPU.ActiveCfg = Debug|Any CPU
		{ADDB705B-D86D-47CE-BC8A-7563FCC4B5CF}.Debug|Any CPU.Build.0 = Debug|Any CPU
		{ADDB705B-D86D-47CE-BC8A-7563FCC4B5CF}.Release|Any CPU.ActiveCfg = Release|Any CPU
		{ADDB705B-D86D-47CE-BC8A-7563FCC4B5CF}.Release|Any CPU.Build.0 = Release|Any CPU
	EndGlobalSection
	GlobalSection(SolutionProperties) = preSolution
		HideSolutionNode = FALSE
	EndGlobalSection
	GlobalSection(ExtensibilityGlobals) = postSolution
		SolutionGuid = {1EB8A6F3-4899-414F-A5BB-E07734E0AE26}
	EndGlobalSection
EndGlobal
